
Microsoft Visual Studio Solution File, Format Version 12.00
# Visual Studio Version 17
VisualStudioVersion = 17.14.36804.6 d17.14
MinimumVisualStudioVersion = 10.0.40219.1
Project("{FAE04EC0-301F-11D3-BF4B-00C04F79EFBC}") = "MCOEWeb", "MCOEWeb.csproj", "{F7B8B876-0B01-AC68-A369-DDB0054C40ED}"
EndProject
Global
	GlobalSection(SolutionConfigurationPlatforms) = preSolution
		Debug|Any CPU = Debug|Any CPU
		Release|Any CPU = Release|Any CPU
	EndGlobalSection
	GlobalSection(ProjectConfigurationPlatforms) = postSolution
		{F7B8B876-0B01-AC68-A369-DDB0054C40ED}.Debug|Any CPU.ActiveCfg = Debug|Any CPU
		{F7B8B876-0B01-AC68-A369-DDB0054C40ED}.Debug|Any CPU.Build.0 = Debug|Any CPU
		{F7B8B876-0B01-AC68-A369-DDB0054C40ED}.Release|Any CPU.ActiveCfg = Release|Any CPU
		{F7B8B876-0B01-AC68-A369-DDB0054C40ED}.Release|Any CPU.Build.0 = Release|Any CPU
	EndGlobalSection
	GlobalSection(SolutionProperties) = preSolution
		HideSolutionNode = FALSE
	EndGlobalSection
	GlobalSection(ExtensibilityGlobals) = postSolution
		SolutionGuid = {83E9629D-0683-4B05-B3D6-6F9527097BFB}
	EndGlobalSection
EndGlobal
